// !$*UTF8*$!
{
	archiveVersion = 1;
	classes = {
	};
	objectVersion = 56;
	objects = {

/* Begin PBXBuildFile section */
		ACAAEE422C85A93C00A27DF1 /* FirebaseAnalyticsTestApp.swift in Sources */ = {isa = PBXBuildFile; fileRef = ACAAEE412C85A93C00A27DF1 /* FirebaseAnalyticsTestApp.swift */; };
		ACAAEE442C85A93C00A27DF1 /* ContentView.swift in Sources */ = {isa = PBXBuildFile; fileRef = ACAAEE432C85A93C00A27DF1 /* ContentView.swift */; };
		ACAAEE462C85A93D00A27DF1 /* Assets.xcassets in Resources */ = {isa = PBXBuildFile; fileRef = ACAAEE452C85A93D00A27DF1 /* Assets.xcassets */; };
		ACAAEE492C85A93D00A27DF1 /* Preview Assets.xcassets in Resources */ = {isa = PBXBuildFile; fileRef = ACAAEE482C85A93D00A27DF1 /* Preview Assets.xcassets */; };
		ACC4969C2C85AFEE00EAA344 /* GoogleService-Info.plist in Resources */ = {isa = PBXBuildFile; fileRef = ACC4969B2C85AFEE00EAA344 /* GoogleService-Info.plist */; };
		ACC4969F2C85BB1300EAA344 /* FirebaseAnalytics in Frameworks */ = {isa = PBXBuildFile; productRef = ACC4969E2C85BB1300EAA344 /* FirebaseAnalytics */; };
		ACC496A12C85BB1300EAA344 /* FirebaseAnalyticsOnDeviceConversion in Frameworks */ = {isa = PBXBuildFile; productRef = ACC496A02C85BB1300EAA344 /* FirebaseAnalyticsOnDeviceConversion */; };
		ACC496A32C85BB1300EAA344 /* FirebaseAnalyticsWithoutAdIdSupport in Frameworks */ = {isa = PBXBuildFile; productRef = ACC496A22C85BB1300EAA344 /* FirebaseAnalyticsWithoutAdIdSupport */; };
		ACC496A52C85BB1300EAA344 /* FirebaseAppCheck in Frameworks */ = {isa = PBXBuildFile; productRef = ACC496A42C85BB1300EAA344 /* FirebaseAppCheck */; };
		ACC496A72C85BB1300EAA344 /* FirebaseAppDistribution-Beta in Frameworks */ = {isa = PBXBuildFile; productRef = ACC496A62C85BB1300EAA344 /* FirebaseAppDistribution-Beta */; };
		ACC496A92C85BB1300EAA344 /* FirebaseAuth in Frameworks */ = {isa = PBXBuildFile; productRef = ACC496A82C85BB1300EAA344 /* FirebaseAuth */; };
		ACC496AB2C85BB1300EAA344 /* FirebaseAuthCombine-Community in Frameworks */ = {isa = PBXBuildFile; productRef = ACC496AA2C85BB1300EAA344 /* FirebaseAuthCombine-Community */; };
		ACC496AD2C85BB1300EAA344 /* FirebaseCrashlytics in Frameworks */ = {isa = PBXBuildFile; productRef = ACC496AC2C85BB1300EAA344 /* FirebaseCrashlytics */; };
		ACC496AF2C85BB1300EAA344 /* FirebaseDatabase in Frameworks */ = {isa = PBXBuildFile; productRef = ACC496AE2C85BB1300EAA344 /* FirebaseDatabase */; };
		ACC496B12C85BB1300EAA344 /* FirebaseDynamicLinks in Frameworks */ = {isa = PBXBuildFile; productRef = ACC496B02C85BB1300EAA344 /* FirebaseDynamicLinks */; };
		ACC496B32C85BB1300EAA344 /* FirebaseFirestore in Frameworks */ = {isa = PBXBuildFile; productRef = ACC496B22C85BB1300EAA344 /* FirebaseFirestore */; };
		ACC496B52C85BB1300EAA344 /* FirebaseFirestoreCombine-Community in Frameworks */ = {isa = PBXBuildFile; productRef = ACC496B42C85BB1300EAA344 /* FirebaseFirestoreCombine-Community */; };
		ACC496B72C85BB1300EAA344 /* FirebaseFunctions in Frameworks */ = {isa = PBXBuildFile; productRef = ACC496B62C85BB1300EAA344 /* FirebaseFunctions */; };
		ACC496B92C85BB1300EAA344 /* FirebaseFunctionsCombine-Community in Frameworks */ = {isa = PBXBuildFile; productRef = ACC496B82C85BB1300EAA344 /* FirebaseFunctionsCombine-Community */; };
		ACC496BB2C85BB1300EAA344 /* FirebaseInAppMessaging-Beta in Frameworks */ = {isa = PBXBuildFile; productRef = ACC496BA2C85BB1300EAA344 /* FirebaseInAppMessaging-Beta */; };
		ACC496BD2C85BB1300EAA344 /* FirebaseInstallations in Frameworks */ = {isa = PBXBuildFile; productRef = ACC496BC2C85BB1300EAA344 /* FirebaseInstallations */; };
		ACC496BF2C85BB1300EAA344 /* FirebaseMLModelDownloader in Frameworks */ = {isa = PBXBuildFile; productRef = ACC496BE2C85BB1300EAA344 /* FirebaseMLModelDownloader */; };
		ACC496C12C85BB1300EAA344 /* FirebaseMessaging in Frameworks */ = {isa = PBXBuildFile; productRef = ACC496C02C85BB1300EAA344 /* FirebaseMessaging */; };
		ACC496C32C85BB1300EAA344 /* FirebasePerformance in Frameworks */ = {isa = PBXBuildFile; productRef = ACC496C22C85BB1300EAA344 /* FirebasePerformance */; };
		ACC496C52C85BB1300EAA344 /* FirebaseRemoteConfig in Frameworks */ = {isa = PBXBuildFile; productRef = ACC496C42C85BB1300EAA344 /* FirebaseRemoteConfig */; };
		ACC496C72C85BB1300EAA344 /* FirebaseStorage in Frameworks */ = {isa = PBXBuildFile; productRef = ACC496C62C85BB1300EAA344 /* FirebaseStorage */; };
		ACC496C92C85BB1300EAA344 /* FirebaseStorageCombine-Community in Frameworks */ = {isa = PBXBuildFile; productRef = ACC496C82C85BB1300EAA344 /* FirebaseStorageCombine-Community */; };
		ACC496CB2C85BB1300EAA344 /* FirebaseVertexAI-Preview in Frameworks */ = {isa = PBXBuildFile; productRef = ACC496CA2C85BB1300EAA344 /* FirebaseVertexAI-Preview */; };
		ACC496CF2C85DB5800EAA344 /* AdSupport.framework in Frameworks */ = {isa = PBXBuildFile; fileRef = ACC496CE2C85DB5800EAA344 /* AdSupport.framework */; };
		ACC496D12C85DB6E00EAA344 /* AnalyticsSwiftUIView.swift in Sources */ = {isa = PBXBuildFile; fileRef = ACC496D02C85DB6E00EAA344 /* AnalyticsSwiftUIView.swift */; };
		ACC496D42C8602FC00EAA344 /* NewsItem.swift in Sources */ = {isa = PBXBuildFile; fileRef = ACC496D32C8602FC00EAA344 /* NewsItem.swift */; };
		ACC496D62C86031400EAA344 /* NewsScreenView.swift in Sources */ = {isa = PBXBuildFile; fileRef = ACC496D52C86031400EAA344 /* NewsScreenView.swift */; };
		ACC496D82C86035800EAA344 /* NewsDetailView.swift in Sources */ = {isa = PBXBuildFile; fileRef = ACC496D72C86035800EAA344 /* NewsDetailView.swift */; };
/* End PBXBuildFile section */

/* Begin PBXFileReference section */
		ACAAEE3E2C85A93C00A27DF1 /* FirebaseAnalyticsTest.app */ = {isa = PBXFileReference; explicitFileType = wrapper.application; includeInIndex = 0; path = FirebaseAnalyticsTest.app; sourceTree = BUILT_PRODUCTS_DIR; };
		ACAAEE412C85A93C00A27DF1 /* FirebaseAnalyticsTestApp.swift */ = {isa = PBXFileReference; lastKnownFileType = sourcecode.swift; path = FirebaseAnalyticsTestApp.swift; sourceTree = "<group>"; };
		ACAAEE432C85A93C00A27DF1 /* ContentView.swift */ = {isa = PBXFileReference; lastKnownFileType = sourcecode.swift; path = ContentView.swift; sourceTree = "<group>"; };
		ACAAEE452C85A93D00A27DF1 /* Assets.xcassets */ = {isa = PBXFileReference; lastKnownFileType = folder.assetcatalog; path = Assets.xcassets; sourceTree = "<group>"; };
		ACAAEE482C85A93D00A27DF1 /* Preview Assets.xcassets */ = {isa = PBXFileReference; lastKnownFileType = folder.assetcatalog; path = "Preview Assets.xcassets"; sourceTree = "<group>"; };
		ACC4969B2C85AFEE00EAA344 /* GoogleService-Info.plist */ = {isa = PBXFileReference; fileEncoding = 4; lastKnownFileType = text.plist.xml; path = "GoogleService-Info.plist"; sourceTree = "<group>"; };
		ACC496CE2C85DB5800EAA344 /* AdSupport.framework */ = {isa = PBXFileReference; lastKnownFileType = wrapper.framework; name = AdSupport.framework; path = System/Library/Frameworks/AdSupport.framework; sourceTree = SDKROOT; };
		ACC496D02C85DB6E00EAA344 /* AnalyticsSwiftUIView.swift */ = {isa = PBXFileReference; lastKnownFileType = sourcecode.swift; path = AnalyticsSwiftUIView.swift; sourceTree = "<group>"; };
		ACC496D32C8602FC00EAA344 /* NewsItem.swift */ = {isa = PBXFileReference; lastKnownFileType = sourcecode.swift; path = NewsItem.swift; sourceTree = "<group>"; };
		ACC496D52C86031400EAA344 /* NewsScreenView.swift */ = {isa = PBXFileReference; lastKnownFileType = sourcecode.swift; path = NewsScreenView.swift; sourceTree = "<group>"; };
		ACC496D72C86035800EAA344 /* NewsDetailView.swift */ = {isa = PBXFileReference; lastKnownFileType = sourcecode.swift; path = NewsDetailView.swift; sourceTree = "<group>"; };
/* End PBXFileReference section */

/* Begin PBXFrameworksBuildPhase section */
		ACAAEE3B2C85A93C00A27DF1 /* Frameworks */ = {
			isa = PBXFrameworksBuildPhase;
			buildActionMask = 2147483647;
			files = (
				ACC496C92C85BB1300EAA344 /* FirebaseStorageCombine-Community in Frameworks */,
				ACC496C12C85BB1300EAA344 /* FirebaseMessaging in Frameworks */,
				ACC496BF2C85BB1300EAA344 /* FirebaseMLModelDownloader in Frameworks */,
				ACC496A52C85BB1300EAA344 /* FirebaseAppCheck in Frameworks */,
				ACC496A92C85BB1300EAA344 /* FirebaseAuth in Frameworks */,
				ACC4969F2C85BB1300EAA344 /* FirebaseAnalytics in Frameworks */,
				ACC496A72C85BB1300EAA344 /* FirebaseAppDistribution-Beta in Frameworks */,
				ACC496A32C85BB1300EAA344 /* FirebaseAnalyticsWithoutAdIdSupport in Frameworks */,
				ACC496AD2C85BB1300EAA344 /* FirebaseCrashlytics in Frameworks */,
				ACC496AF2C85BB1300EAA344 /* FirebaseDatabase in Frameworks */,
				ACC496B92C85BB1300EAA344 /* FirebaseFunctionsCombine-Community in Frameworks */,
				ACC496AB2C85BB1300EAA344 /* FirebaseAuthCombine-Community in Frameworks */,
				ACC496C72C85BB1300EAA344 /* FirebaseStorage in Frameworks */,
				ACC496A12C85BB1300EAA344 /* FirebaseAnalyticsOnDeviceConversion in Frameworks */,
				ACC496B72C85BB1300EAA344 /* FirebaseFunctions in Frameworks */,
				ACC496BD2C85BB1300EAA344 /* FirebaseInstallations in Frameworks */,
				ACC496C32C85BB1300EAA344 /* FirebasePerformance in Frameworks */,
				ACC496CF2C85DB5800EAA344 /* AdSupport.framework in Frameworks */,
				ACC496B52C85BB1300EAA344 /* FirebaseFirestoreCombine-Community in Frameworks */,
				ACC496B32C85BB1300EAA344 /* FirebaseFirestore in Frameworks */,
				ACC496B12C85BB1300EAA344 /* FirebaseDynamicLinks in Frameworks */,
				ACC496BB2C85BB1300EAA344 /* FirebaseInAppMessaging-Beta in Frameworks */,
				ACC496CB2C85BB1300EAA344 /* FirebaseVertexAI-Preview in Frameworks */,
				ACC496C52C85BB1300EAA344 /* FirebaseRemoteConfig in Frameworks */,
			);
			runOnlyForDeploymentPostprocessing = 0;
		};
/* End PBXFrameworksBuildPhase section */

/* Begin PBXGroup section */
		ACAAEE352C85A93C00A27DF1 = {
			isa = PBXGroup;
			children = (
				ACAAEE402C85A93C00A27DF1 /* FirebaseAnalyticsTest */,
				ACAAEE3F2C85A93C00A27DF1 /* Products */,
				ACC496CD2C85DB5800EAA344 /* Frameworks */,
			);
			sourceTree = "<group>";
		};
		ACAAEE3F2C85A93C00A27DF1 /* Products */ = {
			isa = PBXGroup;
			children = (
				ACAAEE3E2C85A93C00A27DF1 /* FirebaseAnalyticsTest.app */,
			);
			name = Products;
			sourceTree = "<group>";
		};
		ACAAEE402C85A93C00A27DF1 /* FirebaseAnalyticsTest */ = {
			isa = PBXGroup;
			children = (
				ACC496D22C8602F000EAA344 /*  News */,
				ACC496CC2C85DAE400EAA344 /* Analytics */,
				ACAAEE412C85A93C00A27DF1 /* FirebaseAnalyticsTestApp.swift */,
				ACAAEE432C85A93C00A27DF1 /* ContentView.swift */,
				ACC4969B2C85AFEE00EAA344 /* GoogleService-Info.plist */,
				ACAAEE452C85A93D00A27DF1 /* Assets.xcassets */,
				ACAAEE472C85A93D00A27DF1 /* Preview Content */,
			);
			path = FirebaseAnalyticsTest;
			sourceTree = "<group>";
		};
		ACAAEE472C85A93D00A27DF1 /* Preview Content */ = {
			isa = PBXGroup;
			children = (
				ACAAEE482C85A93D00A27DF1 /* Preview Assets.xcassets */,
			);
			path = "Preview Content";
			sourceTree = "<group>";
		};
		ACC496CC2C85DAE400EAA344 /* Analytics */ = {
			isa = PBXGroup;
			children = (
				ACC496D02C85DB6E00EAA344 /* AnalyticsSwiftUIView.swift */,
			);
			path = Analytics;
			sourceTree = "<group>";
		};
		ACC496CD2C85DB5800EAA344 /* Frameworks */ = {
			isa = PBXGroup;
			children = (
				ACC496CE2C85DB5800EAA344 /* AdSupport.framework */,
			);
			name = Frameworks;
			sourceTree = "<group>";
		};
		ACC496D22C8602F000EAA344 /*  News */ = {
			isa = PBXGroup;
			children = (
				ACC496D32C8602FC00EAA344 /* NewsItem.swift */,
				ACC496D52C86031400EAA344 /* NewsScreenView.swift */,
				ACC496D72C86035800EAA344 /* NewsDetailView.swift */,
			);
			path = " News";
			sourceTree = "<group>";
		};
/* End PBXGroup section */

/* Begin PBXNativeTarget section */
		ACAAEE3D2C85A93C00A27DF1 /* FirebaseAnalyticsTest */ = {
			isa = PBXNativeTarget;
			buildConfigurationList = ACAAEE4C2C85A93D00A27DF1 /* Build configuration list for PBXNativeTarget "FirebaseAnalyticsTest" */;
			buildPhases = (
				ACAAEE3A2C85A93C00A27DF1 /* Sources */,
				ACAAEE3B2C85A93C00A27DF1 /* Frameworks */,
				ACAAEE3C2C85A93C00A27DF1 /* Resources */,
			);
			buildRules = (
			);
			dependencies = (
			);
			name = FirebaseAnalyticsTest;
			packageProductDependencies = (
				ACC4969E2C85BB1300EAA344 /* FirebaseAnalytics */,
				ACC496A02C85BB1300EAA344 /* FirebaseAnalyticsOnDeviceConversion */,
				ACC496A22C85BB1300EAA344 /* FirebaseAnalyticsWithoutAdIdSupport */,
				ACC496A42C85BB1300EAA344 /* FirebaseAppCheck */,
				ACC496A62C85BB1300EAA344 /* FirebaseAppDistribution-Beta */,
				ACC496A82C85BB1300EAA344 /* FirebaseAuth */,
				ACC496AA2C85BB1300EAA344 /* FirebaseAuthCombine-Community */,
				ACC496AC2C85BB1300EAA344 /* FirebaseCrashlytics */,
				ACC496AE2C85BB1300EAA344 /* FirebaseDatabase */,
				ACC496B02C85BB1300EAA344 /* FirebaseDynamicLinks */,
				ACC496B22C85BB1300EAA344 /* FirebaseFirestore */,
				ACC496B42C85BB1300EAA344 /* FirebaseFirestoreCombine-Community */,
				ACC496B62C85BB1300EAA344 /* FirebaseFunctions */,
				ACC496B82C85BB1300EAA344 /* FirebaseFunctionsCombine-Community */,
				ACC496BA2C85BB1300EAA344 /* FirebaseInAppMessaging-Beta */,
				ACC496BC2C85BB1300EAA344 /* FirebaseInstallations */,
				ACC496BE2C85BB1300EAA344 /* FirebaseMLModelDownloader */,
				ACC496C02C85BB1300EAA344 /* FirebaseMessaging */,
				ACC496C22C85BB1300EAA344 /* FirebasePerformance */,
				ACC496C42C85BB1300EAA344 /* FirebaseRemoteConfig */,
				ACC496C62C85BB1300EAA344 /* FirebaseStorage */,
				ACC496C82C85BB1300EAA344 /* FirebaseStorageCombine-Community */,
				ACC496CA2C85BB1300EAA344 /* FirebaseVertexAI-Preview */,
			);
			productName = FirebaseAnalyticsTest;
			productReference = ACAAEE3E2C85A93C00A27DF1 /* FirebaseAnalyticsTest.app */;
			productType = "com.apple.product-type.application";
		};
/* End PBXNativeTarget section */

/* Begin PBXProject section */
		ACAAEE362C85A93C00A27DF1 /* Project object */ = {
			isa = PBXProject;
			attributes = {
				BuildIndependentTargetsInParallel = 1;
				LastSwiftUpdateCheck = 1540;
				LastUpgradeCheck = 1540;
				TargetAttributes = {
					ACAAEE3D2C85A93C00A27DF1 = {
						CreatedOnToolsVersion = 15.4;
					};
				};
			};
			buildConfigurationList = ACAAEE392C85A93C00A27DF1 /* Build configuration list for PBXProject "FirebaseAnalyticsTest" */;
			compatibilityVersion = "Xcode 14.0";
			developmentRegion = en;
			hasScannedForEncodings = 0;
			knownRegions = (
				en,
				Base,
			);
			mainGroup = ACAAEE352C85A93C00A27DF1;
			packageReferences = (
				ACC4969D2C85BB1300EAA344 /* XCRemoteSwiftPackageReference "firebase-ios-sdk" */,
			);
			productRefGroup = ACAAEE3F2C85A93C00A27DF1 /* Products */;
			projectDirPath = "";
			projectRoot = "";
			targets = (
				ACAAEE3D2C85A93C00A27DF1 /* FirebaseAnalyticsTest */,
			);
		};
/* End PBXProject section */

/* Begin PBXResourcesBuildPhase section */
		ACAAEE3C2C85A93C00A27DF1 /* Resources */ = {
			isa = PBXResourcesBuildPhase;
			buildActionMask = 2147483647;
			files = (
				ACAAEE492C85A93D00A27DF1 /* Preview Assets.xcassets in Resources */,
				ACAAEE462C85A93D00A27DF1 /* Assets.xcassets in Resources */,
				ACC4969C2C85AFEE00EAA344 /* GoogleService-Info.plist in Resources */,
			);
			runOnlyForDeploymentPostprocessing = 0;
		};
/* End PBXResourcesBuildPhase section */

/* Begin PBXSourcesBuildPhase section */
		ACAAEE3A2C85A93C00A27DF1 /* Sources */ = {
			isa = PBXSourcesBuildPhase;
			buildActionMask = 2147483647;
			files = (
				ACAAEE442C85A93C00A27DF1 /* ContentView.swift in Sources */,
				ACC496D62C86031400EAA344 /* NewsScreenView.swift in Sources */,
				ACC496D42C8602FC00EAA344 /* NewsItem.swift in Sources */,
				ACAAEE422C85A93C00A27DF1 /* FirebaseAnalyticsTestApp.swift in Sources */,
				ACC496D82C86035800EAA344 /* NewsDetailView.swift in Sources */,
				ACC496D12C85DB6E00EAA344 /* AnalyticsSwiftUIView.swift in Sources */,
			);
			runOnlyForDeploymentPostprocessing = 0;
		};
/* End PBXSourcesBuildPhase section */

/* Begin XCBuildConfiguration section */
		ACAAEE4A2C85A93D00A27DF1 /* Debug */ = {
			isa = XCBuildConfiguration;
			buildSettings = {
				ALWAYS_SEARCH_USER_PATHS = NO;
				ASSETCATALOG_COMPILER_GENERATE_SWIFT_ASSET_SYMBOL_EXTENSIONS = YES;
				CLANG_ANALYZER_NONNULL = YES;
				CLANG_ANALYZER_NUMBER_OBJECT_CONVERSION = YES_AGGRESSIVE;
				CLANG_CXX_LANGUAGE_STANDARD = "gnu++20";
				CLANG_ENABLE_MODULES = YES;
				CLANG_ENABLE_OBJC_ARC = YES;
				CLANG_ENABLE_OBJC_WEAK = YES;
				CLANG_WARN_BLOCK_CAPTURE_AUTORELEASING = YES;
				CLANG_WARN_BOOL_CONVERSION = YES;
				CLANG_WARN_COMMA = YES;
				CLANG_WARN_CONSTANT_CONVERSION = YES;
				CLANG_WARN_DEPRECATED_OBJC_IMPLEMENTATIONS = YES;
				CLANG_WARN_DIRECT_OBJC_ISA_USAGE = YES_ERROR;
				CLANG_WARN_DOCUMENTATION_COMMENTS = YES;
				CLANG_WARN_EMPTY_BODY = YES;
				CLANG_WARN_ENUM_CONVERSION = YES;
				CLANG_WARN_INFINITE_RECURSION = YES;
				CLANG_WARN_INT_CONVERSION = YES;
				CLANG_WARN_NON_LITERAL_NULL_CONVERSION = YES;
				CLANG_WARN_OBJC_IMPLICIT_RETAIN_SELF = YES;
				CLANG_WARN_OBJC_LITERAL_CONVERSION = YES;
				CLANG_WARN_OBJC_ROOT_CLASS = YES_ERROR;
				CLANG_WARN_QUOTED_INCLUDE_IN_FRAMEWORK_HEADER = YES;
				CLANG_WARN_RANGE_LOOP_ANALYSIS = YES;
				CLANG_WARN_STRICT_PROTOTYPES = YES;
				CLANG_WARN_SUSPICIOUS_MOVE = YES;
				CLANG_WARN_UNGUARDED_AVAILABILITY = YES_AGGRESSIVE;
				CLANG_WARN_UNREACHABLE_CODE = YES;
				CLANG_WARN__DUPLICATE_METHOD_MATCH = YES;
				COPY_PHASE_STRIP = NO;
				DEBUG_INFORMATION_FORMAT = dwarf;
				ENABLE_STRICT_OBJC_MSGSEND = YES;
				ENABLE_TESTABILITY = YES;
				ENABLE_USER_SCRIPT_SANDBOXING = YES;
				GCC_C_LANGUAGE_STANDARD = gnu17;
				GCC_DYNAMIC_NO_PIC = NO;
				GCC_NO_COMMON_BLOCKS = YES;
				GCC_OPTIMIZATION_LEVEL = 0;
				GCC_PREPROCESSOR_DEFINITIONS = (
					"DEBUG=1",
					"$(inherited)",
				);
				GCC_WARN_64_TO_32_BIT_CONVERSION = YES;
				GCC_WARN_ABOUT_RETURN_TYPE = YES_ERROR;
				GCC_WARN_UNDECLARED_SELECTOR = YES;
				GCC_WARN_UNINITIALIZED_AUTOS = YES_AGGRESSIVE;
				GCC_WARN_UNUSED_FUNCTION = YES;
				GCC_WARN_UNUSED_VARIABLE = YES;
				IPHONEOS_DEPLOYMENT_TARGET = 17.5;
				LOCALIZATION_PREFERS_STRING_CATALOGS = YES;
				MTL_ENABLE_DEBUG_INFO = INCLUDE_SOURCE;
				MTL_FAST_MATH = YES;
				ONLY_ACTIVE_ARCH = YES;
				SDKROOT = iphoneos;
				SWIFT_ACTIVE_COMPILATION_CONDITIONS = "DEBUG $(inherited)";
				SWIFT_OPTIMIZATION_LEVEL = "-Onone";
			};
			name = Debug;
		};
		ACAAEE4B2C85A93D00A27DF1 /* Release */ = {
			isa = XCBuildConfiguration;
			buildSettings = {
				ALWAYS_SEARCH_USER_PATHS = NO;
				ASSETCATALOG_COMPILER_GENERATE_SWIFT_ASSET_SYMBOL_EXTENSIONS = YES;
				CLANG_ANALYZER_NONNULL = YES;
				CLANG_ANALYZER_NUMBER_OBJECT_CONVERSION = YES_AGGRESSIVE;
				CLANG_CXX_LANGUAGE_STANDARD = "gnu++20";
				CLANG_ENABLE_MODULES = YES;
				CLANG_ENABLE_OBJC_ARC = YES;
				CLANG_ENABLE_OBJC_WEAK = YES;
				CLANG_WARN_BLOCK_CAPTURE_AUTORELEASING = YES;
				CLANG_WARN_BOOL_CONVERSION = YES;
				CLANG_WARN_COMMA = YES;
				CLANG_WARN_CONSTANT_CONVERSION = YES;
				CLANG_WARN_DEPRECATED_OBJC_IMPLEMENTATIONS = YES;
				CLANG_WARN_DIRECT_OBJC_ISA_USAGE = YES_ERROR;
				CLANG_WARN_DOCUMENTATION_COMMENTS = YES;
				CLANG_WARN_EMPTY_BODY = YES;
				CLANG_WARN_ENUM_CONVERSION = YES;
				CLANG_WARN_INFINITE_RECURSION = YES;
				CLANG_WARN_INT_CONVERSION = YES;
				CLANG_WARN_NON_LITERAL_NULL_CONVERSION = YES;
				CLANG_WARN_OBJC_IMPLICIT_RETAIN_SELF = YES;
				CLANG_WARN_OBJC_LITERAL_CONVERSION = YES;
				CLANG_WARN_OBJC_ROOT_CLASS = YES_ERROR;
				CLANG_WARN_QUOTED_INCLUDE_IN_FRAMEWORK_HEADER = YES;
				CLANG_WARN_RANGE_LOOP_ANALYSIS = YES;
				CLANG_WARN_STRICT_PROTOTYPES = YES;
				CLANG_WARN_SUSPICIOUS_MOVE = YES;
				CLANG_WARN_UNGUARDED_AVAILABILITY = YES_AGGRESSIVE;
				CLANG_WARN_UNREACHABLE_CODE = YES;
				CLANG_WARN__DUPLICATE_METHOD_MATCH = YES;
				COPY_PHASE_STRIP = NO;
				DEBUG_INFORMATION_FORMAT = "dwarf-with-dsym";
				ENABLE_NS_ASSERTIONS = NO;
				ENABLE_STRICT_OBJC_MSGSEND = YES;
				ENABLE_USER_SCRIPT_SANDBOXING = YES;
				GCC_C_LANGUAGE_STANDARD = gnu17;
				GCC_NO_COMMON_BLOCKS = YES;
				GCC_WARN_64_TO_32_BIT_CONVERSION = YES;
				GCC_WARN_ABOUT_RETURN_TYPE = YES_ERROR;
				GCC_WARN_UNDECLARED_SELECTOR = YES;
				GCC_WARN_UNINITIALIZED_AUTOS = YES_AGGRESSIVE;
				GCC_WARN_UNUSED_FUNCTION = YES;
				GCC_WARN_UNUSED_VARIABLE = YES;
				IPHONEOS_DEPLOYMENT_TARGET = 17.5;
				LOCALIZATION_PREFERS_STRING_CATALOGS = YES;
				MTL_ENABLE_DEBUG_INFO = NO;
				MTL_FAST_MATH = YES;
				SDKROOT = iphoneos;
				SWIFT_COMPILATION_MODE = wholemodule;
				VALIDATE_PRODUCT = YES;
			};
			name = Release;
		};
		ACAAEE4D2C85A93D00A27DF1 /* Debug */ = {
			isa = XCBuildConfiguration;
			buildSettings = {
				ASSETCATALOG_COMPILER_APPICON_NAME = AppIcon;
				ASSETCATALOG_COMPILER_GLOBAL_ACCENT_COLOR_NAME = AccentColor;
				CODE_SIGN_STYLE = Automatic;
				CURRENT_PROJECT_VERSION = 1;
				DEVELOPMENT_ASSET_PATHS = "\"FirebaseAnalyticsTest/Preview Content\"";
				ENABLE_PREVIEWS = YES;
				GENERATE_INFOPLIST_FILE = YES;
				INFOPLIST_KEY_UIApplicationSceneManifest_Generation = YES;
				INFOPLIST_KEY_UIApplicationSupportsIndirectInputEvents = YES;
				INFOPLIST_KEY_UILaunchScreen_Generation = YES;
				INFOPLIST_KEY_UISupportedInterfaceOrientations_iPad = "UIInterfaceOrientationPortrait UIInterfaceOrientationPortraitUpsideDown UIInterfaceOrientationLandscapeLeft UIInterfaceOrientationLandscapeRight";
				INFOPLIST_KEY_UISupportedInterfaceOrientations_iPhone = "UIInterfaceOrientationPortrait UIInterfaceOrientationLandscapeLeft UIInterfaceOrientationLandscapeRight";
				LD_RUNPATH_SEARCH_PATHS = (
					"$(inherited)",
					"@executable_path/Frameworks",
				);
				MARKETING_VERSION = 1.0;
				PRODUCT_BUNDLE_IDENTIFIER = void.FirebaseAnalyticsTest;
				PRODUCT_NAME = "$(TARGET_NAME)";
				SWIFT_EMIT_LOC_STRINGS = YES;
				SWIFT_VERSION = 5.0;
				TARGETED_DEVICE_FAMILY = "1,2";
			};
			name = Debug;
		};
		ACAAEE4E2C85A93D00A27DF1 /* Release */ = {
			isa = XCBuildConfiguration;
			buildSettings = {
				ASSETCATALOG_COMPILER_APPICON_NAME = AppIcon;
				ASSETCATALOG_COMPILER_GLOBAL_ACCENT_COLOR_NAME = AccentColor;
				CODE_SIGN_STYLE = Automatic;
				CURRENT_PROJECT_VERSION = 1;
				DEVELOPMENT_ASSET_PATHS = "\"FirebaseAnalyticsTest/Preview Content\"";
				ENABLE_PREVIEWS = YES;
				GENERATE_INFOPLIST_FILE = YES;
				INFOPLIST_KEY_UIApplicationSceneManifest_Generation = YES;
				INFOPLIST_KEY_UIApplicationSupportsIndirectInputEvents = YES;
				INFOPLIST_KEY_UILaunchScreen_Generation = YES;
				INFOPLIST_KEY_UISupportedInterfaceOrientations_iPad = "UIInterfaceOrientationPortrait UIInterfaceOrientationPortraitUpsideDown UIInterfaceOrientationLandscapeLeft UIInterfaceOrientationLandscapeRight";
				INFOPLIST_KEY_UISupportedInterfaceOrientations_iPhone = "UIInterfaceOrientationPortrait UIInterfaceOrientationLandscapeLeft UIInterfaceOrientationLandscapeRight";
				LD_RUNPATH_SEARCH_PATHS = (
					"$(inherited)",
					"@executable_path/Frameworks",
				);
				MARKETING_VERSION = 1.0;
				PRODUCT_BUNDLE_IDENTIFIER = void.FirebaseAnalyticsTest;
				PRODUCT_NAME = "$(TARGET_NAME)";
				SWIFT_EMIT_LOC_STRINGS = YES;
				SWIFT_VERSION = 5.0;
				TARGETED_DEVICE_FAMILY = "1,2";
			};
			name = Release;
		};
/* End XCBuildConfiguration section */

/* Begin XCConfigurationList section */
		ACAAEE392C85A93C00A27DF1 /* Build configuration list for PBXProject "FirebaseAnalyticsTest" */ = {
			isa = XCConfigurationList;
			buildConfigurations = (
				ACAAEE4A2C85A93D00A27DF1 /* Debug */,
				ACAAEE4B2C85A93D00A27DF1 /* Release */,
			);
			defaultConfigurationIsVisible = 0;
			defaultConfigurationName = Release;
		};
		ACAAEE4C2C85A93D00A27DF1 /* Build configuration list for PBXNativeTarget "FirebaseAnalyticsTest" */ = {
			isa = XCConfigurationList;
			buildConfigurations = (
				ACAAEE4D2C85A93D00A27DF1 /* Debug */,
				ACAAEE4E2C85A93D00A27DF1 /* Release */,
			);
			defaultConfigurationIsVisible = 0;
			defaultConfigurationName = Release;
		};
/* End XCConfigurationList section */

/* Begin XCRemoteSwiftPackageReference section */
		ACC4969D2C85BB1300EAA344 /* XCRemoteSwiftPackageReference "firebase-ios-sdk" */ = {
			isa = XCRemoteSwiftPackageReference;
			repositoryURL = "https://github.com/firebase/firebase-ios-sdk";
			requirement = {
				kind = upToNextMajorVersion;
				minimumVersion = 11.1.0;
			};
		};
/* End XCRemoteSwiftPackageReference section */

/* Begin XCSwiftPackageProductDependency section */
		ACC4969E2C85BB1300EAA344 /* FirebaseAnalytics */ = {
			isa = XCSwiftPackageProductDependency;
			package = ACC4969D2C85BB1300EAA344 /* XCRemoteSwiftPackageReference "firebase-ios-sdk" */;
			productName = FirebaseAnalytics;
		};
		ACC496A02C85BB1300EAA344 /* FirebaseAnalyticsOnDeviceConversion */ = {
			isa = XCSwiftPackageProductDependency;
			package = ACC4969D2C85BB1300EAA344 /* XCRemoteSwiftPackageReference "firebase-ios-sdk" */;
			productName = FirebaseAnalyticsOnDeviceConversion;
		};
		ACC496A22C85BB1300EAA344 /* FirebaseAnalyticsWithoutAdIdSupport */ = {
			isa = XCSwiftPackageProductDependency;
			package = ACC4969D2C85BB1300EAA344 /* XCRemoteSwiftPackageReference "firebase-ios-sdk" */;
			productName = FirebaseAnalyticsWithoutAdIdSupport;
		};
		ACC496A42C85BB1300EAA344 /* FirebaseAppCheck */ = {
			isa = XCSwiftPackageProductDependency;
			package = ACC4969D2C85BB1300EAA344 /* XCRemoteSwiftPackageReference "firebase-ios-sdk" */;
			productName = FirebaseAppCheck;
		};
		ACC496A62C85BB1300EAA344 /* FirebaseAppDistribution-Beta */ = {
			isa = XCSwiftPackageProductDependency;
			package = ACC4969D2C85BB1300EAA344 /* XCRemoteSwiftPackageReference "firebase-ios-sdk" */;
			productName = "FirebaseAppDistribution-Beta";
		};
		ACC496A82C85BB1300EAA344 /* FirebaseAuth */ = {
			isa = XCSwiftPackageProductDependency;
			package = ACC4969D2C85BB1300EAA344 /* XCRemoteSwiftPackageReference "firebase-ios-sdk" */;
			productName = FirebaseAuth;
		};
		ACC496AA2C85BB1300EAA344 /* FirebaseAuthCombine-Community */ = {
			isa = XCSwiftPackageProductDependency;
			package = ACC4969D2C85BB1300EAA344 /* XCRemoteSwiftPackageReference "firebase-ios-sdk" */;
			productName = "FirebaseAuthCombine-Community";
		};
		ACC496AC2C85BB1300EAA344 /* FirebaseCrashlytics */ = {
			isa = XCSwiftPackageProductDependency;
			package = ACC4969D2C85BB1300EAA344 /* XCRemoteSwiftPackageReference "firebase-ios-sdk" */;
			productName = FirebaseCrashlytics;
		};
		ACC496AE2C85BB1300EAA344 /* FirebaseDatabase */ = {
			isa = XCSwiftPackageProductDependency;
			package = ACC4969D2C85BB1300EAA344 /* XCRemoteSwiftPackageReference "firebase-ios-sdk" */;
			productName = FirebaseDatabase;
		};
		ACC496B02C85BB1300EAA344 /* FirebaseDynamicLinks */ = {
			isa = XCSwiftPackageProductDependency;
			package = ACC4969D2C85BB1300EAA344 /* XCRemoteSwiftPackageReference "firebase-ios-sdk" */;
			productName = FirebaseDynamicLinks;
		};
		ACC496B22C85BB1300EAA344 /* FirebaseFirestore */ = {
			isa = XCSwiftPackageProductDependency;
			package = ACC4969D2C85BB1300EAA344 /* XCRemoteSwiftPackageReference "firebase-ios-sdk" */;
			productName = FirebaseFirestore;
		};
		ACC496B42C85BB1300EAA344 /* FirebaseFirestoreCombine-Community */ = {
			isa = XCSwiftPackageProductDependency;
			package = ACC4969D2C85BB1300EAA344 /* XCRemoteSwiftPackageReference "firebase-ios-sdk" */;
			productName = "FirebaseFirestoreCombine-Community";
		};
		ACC496B62C85BB1300EAA344 /* FirebaseFunctions */ = {
			isa = XCSwiftPackageProductDependency;
			package = ACC4969D2C85BB1300EAA344 /* XCRemoteSwiftPackageReference "firebase-ios-sdk" */;
			productName = FirebaseFunctions;
		};
		ACC496B82C85BB1300EAA344 /* FirebaseFunctionsCombine-Community */ = {
			isa = XCSwiftPackageProductDependency;
			package = ACC4969D2C85BB1300EAA344 /* XCRemoteSwiftPackageReference "firebase-ios-sdk" */;
			productName = "FirebaseFunctionsCombine-Community";
		};
		ACC496BA2C85BB1300EAA344 /* FirebaseInAppMessaging-Beta */ = {
			isa = XCSwiftPackageProductDependency;
			package = ACC4969D2C85BB1300EAA344 /* XCRemoteSwiftPackageReference "firebase-ios-sdk" */;
			productName = "FirebaseInAppMessaging-Beta";
		};
		ACC496BC2C85BB1300EAA344 /* FirebaseInstallations */ = {
			isa = XCSwiftPackageProductDependency;
			package = ACC4969D2C85BB1300EAA344 /* XCRemoteSwiftPackageReference "firebase-ios-sdk" */;
			productName = FirebaseInstallations;
		};
		ACC496BE2C85BB1300EAA344 /* FirebaseMLModelDownloader */ = {
			isa = XCSwiftPackageProductDependency;
			package = ACC4969D2C85BB1300EAA344 /* XCRemoteSwiftPackageReference "firebase-ios-sdk" */;
			productName = FirebaseMLModelDownloader;
		};
		ACC496C02C85BB1300EAA344 /* FirebaseMessaging */ = {
			isa = XCSwiftPackageProductDependency;
			package = ACC4969D2C85BB1300EAA344 /* XCRemoteSwiftPackageReference "firebase-ios-sdk" */;
			productName = FirebaseMessaging;
		};
		ACC496C22C85BB1300EAA344 /* FirebasePerformance */ = {
			isa = XCSwiftPackageProductDependency;
			package = ACC4969D2C85BB1300EAA344 /* XCRemoteSwiftPackageReference "firebase-ios-sdk" */;
			productName = FirebasePerformance;
		};
		ACC496C42C85BB1300EAA344 /* FirebaseRemoteConfig */ = {
			isa = XCSwiftPackageProductDependency;
			package = ACC4969D2C85BB1300EAA344 /* XCRemoteSwiftPackageReference "firebase-ios-sdk" */;
			productName = FirebaseRemoteConfig;
		};
		ACC496C62C85BB1300EAA344 /* FirebaseStorage */ = {
			isa = XCSwiftPackageProductDependency;
			package = ACC4969D2C85BB1300EAA344 /* XCRemoteSwiftPackageReference "firebase-ios-sdk" */;
			productName = FirebaseStorage;
		};
		ACC496C82C85BB1300EAA344 /* FirebaseStorageCombine-Community */ = {
			isa = XCSwiftPackageProductDependency;
			package = ACC4969D2C85BB1300EAA344 /* XCRemoteSwiftPackageReference "firebase-ios-sdk" */;
			productName = "FirebaseStorageCombine-Community";
		};
		ACC496CA2C85BB1300EAA344 /* FirebaseVertexAI-Preview */ = {
			isa = XCSwiftPackageProductDependency;
			package = ACC4969D2C85BB1300EAA344 /* XCRemoteSwiftPackageReference "firebase-ios-sdk" */;
			productName = "FirebaseVertexAI-Preview";
		};
/* End XCSwiftPackageProductDependency section */
	};
	rootObject = ACAAEE362C85A93C00A27DF1 /* Project object */;
}
